
Microsoft Visual Studio Solution File, Format Version 11.00
# Visual Studio 2010
Project("{F184B08F-C81C-45F6-A57F-5ABD9991F28F}") = "DBCommon", "DBCommon\DBCommon.vbproj", "{33C8E56C-AA7D-4145-A9BB-E5E44EFB7852}"
EndProject
Project("{F184B08F-C81C-45F6-A57F-5ABD9991F28F}") = "InternalMessages", "InternalMessages\InternalMessages.vbproj", "{4F07E5B6-04D9-4CDE-A885-2C5F07991514}"
EndProject
Project("{F184B08F-C81C-45F6-A57F-5ABD9991F28F}") = "ServerTelegrapher", "ServerTelegrapher\ServerTelegrapher.vbproj", "{9B44C028-C30F-4294-A95D-4A1F4AF627E9}"
EndProject
Project("{F184B08F-C81C-45F6-A57F-5ABD9991F28F}") = "ITelegrams", "ITelegrams\ITelegrams.vbproj", "{F7A64AB3-58DA-4D35-8FFA-C9DAF148B724}"
EndProject
Project("{F184B08F-C81C-45F6-A57F-5ABD9991F28F}") = "ServerAppToTokatsu", "ServerAppToTokatsu\ServerAppToTokatsu.vbproj", "{C2648FE9-72E4-4BB6-96EA-A54288A7E706}"
EndProject
Project("{F184B08F-C81C-45F6-A57F-5ABD9991F28F}") = "Common", "Common\Common.vbproj", "{74141547-99D4-4821-B3B7-E4422C221204}"
EndProject
Project("{F184B08F-C81C-45F6-A57F-5ABD9991F28F}") = "ClientTelegrapher", "ClientTelegrapher\ClientTelegrapher.vbproj", "{E8CF2FF2-A429-4D41-AADB-C49BC71C4F23}"
EndProject
Project("{F184B08F-C81C-45F6-A57F-5ABD9991F28F}") = "EkTelegrams", "EkTelegrams\EkTelegrams.vbproj", "{B634E3BC-57A8-411B-8A51-7453E3EB7138}"
EndProject
Project("{F184B08F-C81C-45F6-A57F-5ABD9991F28F}") = "ClientDao", "ClientDao\ClientDao.vbproj", "{DA4ABD54-8398-4881-9C5E-84AFF994A681}"
EndProject
Project("{F184B08F-C81C-45F6-A57F-5ABD9991F28F}") = "ClientApp", "ClientApp\ClientApp.vbproj", "{A2F30535-D260-47EC-BA4F-374299A4ACED}"
EndProject
Project("{F184B08F-C81C-45F6-A57F-5ABD9991F28F}") = "EkCommon", "EkCommon\EkCommon.vbproj", "{47C1D9E8-6442-4251-BF62-11889A7C9C7F}"
EndProject
Project("{F184B08F-C81C-45F6-A57F-5ABD9991F28F}") = "ServerAppToOpClient", "ServerAppToOpClient\ServerAppToOpClient.vbproj", "{00B5E84B-A30C-4AD2-BA98-59C7389B29F2}"
EndProject
Project("{F184B08F-C81C-45F6-A57F-5ABD9991F28F}") = "ServerAppForConStatus", "ServerAppForConStatus\ServerAppForConStatus.vbproj", "{B9B69007-BE23-4781-9390-E1AAF5553346}"
EndProject
Project("{F184B08F-C81C-45F6-A57F-5ABD9991F28F}") = "ServerAppCommon", "ServerAppCommon\ServerAppCommon.vbproj", "{C599D9FF-6C0A-4586-9CB3-9E1384A35151}"
EndProject
Project("{F184B08F-C81C-45F6-A57F-5ABD9991F28F}") = "ServerAppForAnyUpboundData", "ServerAppForAnyUpboundData\ServerAppForAnyUpboundData.vbproj", "{3B7443DA-42AD-4867-900F-D7117A7A4259}"
EndProject
Project("{F184B08F-C81C-45F6-A57F-5ABD9991F28F}") = "ServerAppToAnyEkimuModel", "ServerAppToAnyEkimuModel\ServerAppToAnyEkimuModel.vbproj", "{9D938916-7B6D-47E4-BEAB-C5F8A7A9B421}"
EndProject
Project("{F184B08F-C81C-45F6-A57F-5ABD9991F28F}") = "ServerAppForFaultData", "ServerAppForFaultData\ServerAppForFaultData.vbproj", "{008225C9-790A-49FE-BF75-B433EFF16C61}"
EndProject
Project("{F184B08F-C81C-45F6-A57F-5ABD9991F28F}") = "NkTelegrams", "NkTelegrams\NkTelegrams.vbproj", "{294C3755-6CBE-4848-B0BC-CFCE243DA814}"
EndProject
Project("{F184B08F-C81C-45F6-A57F-5ABD9991F28F}") = "ServerAppForBesshuData", "ServerAppForBesshuData\ServerAppForBesshuData.vbproj", "{C9B5858E-97AF-45F4-AC1E-7388300126BE}"
EndProject
Project("{F184B08F-C81C-45F6-A57F-5ABD9991F28F}") = "ServerAppForKadoData", "ServerAppForKadoData\ServerAppForKadoData.vbproj", "{1E5313B9-225F-43E2-9AD8-99D35803D6DE}"
EndProject
Project("{F184B08F-C81C-45F6-A57F-5ABD9991F28F}") = "ServerAppForMeisaiData", "ServerAppForMeisaiData\ServerAppForMeisaiData.vbproj", "{2C97569A-9A4E-459D-9912-27444A6443E5}"
EndProject
Project("{F184B08F-C81C-45F6-A57F-5ABD9991F28F}") = "ServerAppForTrafficData", "ServerAppForTrafficData\ServerAppForTrafficData.vbproj", "{6A2011E9-D622-48E9-BF8E-B010DEF8CE86}"
EndProject
Project("{F184B08F-C81C-45F6-A57F-5ABD9991F28F}") = "ServerAppToNkan", "ServerAppToNkan\ServerAppToNkan.vbproj", "{52DFC1BF-FED6-4373-B94B-E8BE08AE8AE0}"
EndProject
Project("{F184B08F-C81C-45F6-A57F-5ABD9991F28F}") = "ClientAppInternalMessages", "ClientAppInternalMessages\ClientAppInternalMessages.vbproj", "{C47EBFC8-B734-41A7-9A6E-BC03B6EF9D5F}"
EndProject
Project("{F184B08F-C81C-45F6-A57F-5ABD9991F28F}") = "ServerAppInternalMessages", "ServerAppInternalMessages\ServerAppInternalMessages.vbproj", "{3D98863E-F37E-447B-935D-ED316D73B1A7}"
EndProject
Project("{F184B08F-C81C-45F6-A57F-5ABD9991F28F}") = "EkimuSim", "Tools\EkimuSim\EkimuSim.vbproj", "{F4EAD097-CC4E-4369-A64A-82DDF8DC23CF}"
EndProject
Project("{F184B08F-C81C-45F6-A57F-5ABD9991F28F}") = "ServerAppExternalMessages", "ServerAppExternalMessages\ServerAppExternalMessages.vbproj", "{185C910C-29A7-407E-BBB7-F5EF011DED12}"
EndProject
Project("{F184B08F-C81C-45F6-A57F-5ABD9991F28F}") = "ServerAppForKsbConfig", "ServerAppForKsbConfig\ServerAppForKsbConfig.vbproj", "{47E3A5A5-124D-44B2-8075-8768D45E69D3}"
EndProject
Project("{F184B08F-C81C-45F6-A57F-5ABD9991F28F}") = "SampleDsClientApp", "Tools\SampleDsClientApp\SampleDsClientApp.vbproj", "{2BBAEDB8-35D9-4D3E-A548-07E0984E4369}"
EndProject
Project("{F184B08F-C81C-45F6-A57F-5ABD9991F28F}") = "ServerAppScheduler", "ServerAppScheduler\ServerAppScheduler.vbproj", "{70CA798B-6B0A-4DB3-ADC0-BE16E627EEDF}"
EndProject
Project("{F184B08F-C81C-45F6-A57F-5ABD9991F28F}") = "ServerAppToKanshiban", "ServerAppToKanshiban\ServerAppToKanshiban.vbproj", "{3AD67E39-E831-4E76-B2E7-D994E56F44A3}"
EndProject
Project("{F184B08F-C81C-45F6-A57F-5ABD9991F28F}") = "ServerAppToKanshiban2", "ServerAppToKanshiban2\ServerAppToKanshiban2.vbproj", "{35E6077E-15DA-4387-B53C-022301E3E14D}"
EndProject
Project("{F184B08F-C81C-45F6-A57F-5ABD9991F28F}") = "UT4EkMasterDataFileFooter", "UnitTests\UT4EkMasterDataFileFooter\UT4EkMasterDataFileFooter.vbproj", "{0C857FC6-62A9-4E36-96CD-198593360588}"
EndProject
Project("{F184B08F-C81C-45F6-A57F-5ABD9991F28F}") = "ServerAppConStatusMailer", "ServerAppConStatusMailer\ServerAppConStatusMailer.vbproj", "{AE0EB769-715D-4D2C-A1D3-2691BFD93CAD}"
EndProject
Project("{F184B08F-C81C-45F6-A57F-5ABD9991F28F}") = "MasterConverterApp", "Tools\MasterConverterApp\MasterConverterApp.vbproj", "{2BFB87E9-94A9-42A2-9023-FCFA831B4D14}"
EndProject
Project("{F184B08F-C81C-45F6-A57F-5ABD9991F28F}") = "ServerAppToMadosho2", "ServerAppToMadosho2\ServerAppToMadosho2.vbproj", "{C1FEF592-B055-4889-9695-2B6673380AF0}"
EndProject
Project("{F184B08F-C81C-45F6-A57F-5ABD9991F28F}") = "ServerAppToMadosho", "ServerAppToMadosho\ServerAppToMadosho.vbproj", "{1EFEAB7B-2B3B-48D6-9D30-F4D4A35635A5}"
EndProject
Project("{F184B08F-C81C-45F6-A57F-5ABD9991F28F}") = "ServerAppManager", "ServerAppManager\ServerAppManager.vbproj", "{D085E71D-4D44-48BF-9517-6C2D55269D2F}"
EndProject
Project("{F184B08F-C81C-45F6-A57F-5ABD9991F28F}") = "ServerAppSweeper", "ServerAppSweeper\ServerAppSweeper.vbproj", "{5D280492-DFF0-449C-9D8B-42E83EF8D8EC}"
EndProject
Project("{F184B08F-C81C-45F6-A57F-5ABD9991F28F}") = "NkanSim", "Tools\NkanSim\NkanSim.vbproj", "{FAA9B3F8-CA37-4219-B8A6-92FFEFFB1DFE}"
EndProject
Project("{F184B08F-C81C-45F6-A57F-5ABD9991F28F}") = "EkimuSimReplicator", "Tools\EkimuSimReplicator\EkimuSimReplicator.vbproj", "{5CB3DD30-7955-4556-89A4-6A026893D16B}"
EndProject
Project("{F184B08F-C81C-45F6-A57F-5ABD9991F28F}") = "MaintenanceToolApp", "Tools\MaintenanceToolApp\MaintenanceToolApp.vbproj", "{1AFB87C6-EC25-4298-9757-A15FD24F1BB4}"
EndProject
Project("{F184B08F-C81C-45F6-A57F-5ABD9991F28F}") = "MultiplexEkimuSim", "Tools\MultiplexEkimuSim\MultiplexEkimuSim.vbproj", "{E1078217-852C-4389-B7D1-4AEEA5123975}"
EndProject
Project("{F184B08F-C81C-45F6-A57F-5ABD9991F28F}") = "DummyKanshiban", "Tools\DummyKanshiban\DummyKanshiban.vbproj", "{06049E0C-8C47-4854-A775-FD0B1DE23208}"
EndProject
Project("{F184B08F-C81C-45F6-A57F-5ABD9991F28F}") = "DummyKanshiban2", "Tools\DummyKanshiban2\DummyKanshiban2.vbproj", "{DEA4BE8E-6A63-4D9A-A14C-B69366CA5B5E}"
EndProject
Project("{F184B08F-C81C-45F6-A57F-5ABD9991F28F}") = "ServerAppForRiyoData", "ServerAppForRiyoData\ServerAppForRiyoData.vbproj", "{655599F5-A181-4689-8164-8964E91FB3D8}"
EndProject
Project("{F184B08F-C81C-45F6-A57F-5ABD9991F28F}") = "ServerAppAlertMailer", "ServerAppAlertMailer\ServerAppAlertMailer.vbproj", "{BCD2763E-22E2-4398-91FC-5FEBCC613B04}"
EndProject
Project("{F184B08F-C81C-45F6-A57F-5ABD9991F28F}") = "DummyMadosho2", "Tools\DummyMadosho2\DummyMadosho2.vbproj", "{431F6EB0-3A67-4933-8D22-EEDE24B9BD04}"
EndProject
Project("{F184B08F-C81C-45F6-A57F-5ABD9991F28F}") = "DummyTokatsu", "Tools\DummyTokatsu\DummyTokatsu.vbproj", "{DB831165-00D5-46F2-801C-09E1CBB32A62}"
EndProject
Project("{F184B08F-C81C-45F6-A57F-5ABD9991F28F}") = "DummyMadosho", "Tools\DummyMadosho\DummyMadosho.vbproj", "{218A5393-ECE5-48F1-A641-32946808B44D}"
EndProject
Global
	GlobalSection(SolutionConfigurationPlatforms) = preSolution
		Debug|Any CPU = Debug|Any CPU
		Debug|Mixed Platforms = Debug|Mixed Platforms
		Debug|x86 = Debug|x86
		Release|Any CPU = Release|Any CPU
		Release|Mixed Platforms = Release|Mixed Platforms
		Release|x86 = Release|x86
	EndGlobalSection
	GlobalSection(ProjectConfigurationPlatforms) = postSolution
		{33C8E56C-AA7D-4145-A9BB-E5E44EFB7852}.Debug|Any CPU.ActiveCfg = Debug|Any CPU
		{33C8E56C-AA7D-4145-A9BB-E5E44EFB7852}.Debug|Any CPU.Build.0 = Debug|Any CPU
		{33C8E56C-AA7D-4145-A9BB-E5E44EFB7852}.Debug|Mixed Platforms.ActiveCfg = Debug|Any CPU
		{33C8E56C-AA7D-4145-A9BB-E5E44EFB7852}.Debug|Mixed Platforms.Build.0 = Debug|Any CPU
		{33C8E56C-AA7D-4145-A9BB-E5E44EFB7852}.Debug|x86.ActiveCfg = Debug|Any CPU
		{33C8E56C-AA7D-4145-A9BB-E5E44EFB7852}.Release|Any CPU.ActiveCfg = Release|Any CPU
		{33C8E56C-AA7D-4145-A9BB-E5E44EFB7852}.Release|Any CPU.Build.0 = Release|Any CPU
		{33C8E56C-AA7D-4145-A9BB-E5E44EFB7852}.Release|Mixed Platforms.ActiveCfg = Release|Any CPU
		{33C8E56C-AA7D-4145-A9BB-E5E44EFB7852}.Release|Mixed Platforms.Build.0 = Release|Any CPU
		{33C8E56C-AA7D-4145-A9BB-E5E44EFB7852}.Release|x86.ActiveCfg = Release|Any CPU
		{4F07E5B6-04D9-4CDE-A885-2C5F07991514}.Debug|Any CPU.ActiveCfg = Debug|Any CPU
		{4F07E5B6-04D9-4CDE-A885-2C5F07991514}.Debug|Any CPU.Build.0 = Debug|Any CPU
		{4F07E5B6-04D9-4CDE-A885-2C5F07991514}.Debug|Mixed Platforms.ActiveCfg = Debug|Any CPU
		{4F07E5B6-04D9-4CDE-A885-2C5F07991514}.Debug|Mixed Platforms.Build.0 = Debug|Any CPU
		{4F07E5B6-04D9-4CDE-A885-2C5F07991514}.Debug|x86.ActiveCfg = Debug|Any CPU
		{4F07E5B6-04D9-4CDE-A885-2C5F07991514}.Release|Any CPU.ActiveCfg = Release|Any CPU
		{4F07E5B6-04D9-4CDE-A885-2C5F07991514}.Release|Any CPU.Build.0 = Release|Any CPU
		{4F07E5B6-04D9-4CDE-A885-2C5F07991514}.Release|Mixed Platforms.ActiveCfg = Release|Any CPU
		{4F07E5B6-04D9-4CDE-A885-2C5F07991514}.Release|Mixed Platforms.Build.0 = Release|Any CPU
		{4F07E5B6-04D9-4CDE-A885-2C5F07991514}.Release|x86.ActiveCfg = Release|Any CPU
		{9B44C028-C30F-4294-A95D-4A1F4AF627E9}.Debug|Any CPU.ActiveCfg = Debug|Any CPU
		{9B44C028-C30F-4294-A95D-4A1F4AF627E9}.Debug|Any CPU.Build.0 = Debug|Any CPU
		{9B44C028-C30F-4294-A95D-4A1F4AF627E9}.Debug|Mixed Platforms.ActiveCfg = Debug|Any CPU
		{9B44C028-C30F-4294-A95D-4A1F4AF627E9}.Debug|Mixed Platforms.Build.0 = Debug|Any CPU
		{9B44C028-C30F-4294-A95D-4A1F4AF627E9}.Debug|x86.ActiveCfg = Debug|Any CPU
		{9B44C028-C30F-4294-A95D-4A1F4AF627E9}.Release|Any CPU.ActiveCfg = Release|Any CPU
		{9B44C028-C30F-4294-A95D-4A1F4AF627E9}.Release|Any CPU.Build.0 = Release|Any CPU
		{9B44C028-C30F-4294-A95D-4A1F4AF627E9}.Release|Mixed Platforms.ActiveCfg = Release|Any CPU
		{9B44C028-C30F-4294-A95D-4A1F4AF627E9}.Release|Mixed Platforms.Build.0 = Release|Any CPU
		{9B44C028-C30F-4294-A95D-4A1F4AF627E9}.Release|x86.ActiveCfg = Release|Any CPU
		{F7A64AB3-58DA-4D35-8FFA-C9DAF148B724}.Debug|Any CPU.ActiveCfg = Debug|Any CPU
		{F7A64AB3-58DA-4D35-8FFA-C9DAF148B724}.Debug|Any CPU.Build.0 = Debug|Any CPU
		{F7A64AB3-58DA-4D35-8FFA-C9DAF148B724}.Debug|Mixed Platforms.ActiveCfg = Debug|Any CPU
		{F7A64AB3-58DA-4D35-8FFA-C9DAF148B724}.Debug|Mixed Platforms.Build.0 = Debug|Any CPU
		{F7A64AB3-58DA-4D35-8FFA-C9DAF148B724}.Debug|x86.ActiveCfg = Debug|Any CPU
		{F7A64AB3-58DA-4D35-8FFA-C9DAF148B724}.Release|Any CPU.ActiveCfg = Release|Any CPU
		{F7A64AB3-58DA-4D35-8FFA-C9DAF148B724}.Release|Any CPU.Build.0 = Release|Any CPU
		{F7A64AB3-58DA-4D35-8FFA-C9DAF148B724}.Release|Mixed Platforms.ActiveCfg = Release|Any CPU
		{F7A64AB3-58DA-4D35-8FFA-C9DAF148B724}.Release|Mixed Platforms.Build.0 = Release|Any CPU
		{F7A64AB3-58DA-4D35-8FFA-C9DAF148B724}.Release|x86.ActiveCfg = Release|Any CPU
		{C2648FE9-72E4-4BB6-96EA-A54288A7E706}.Debug|Any CPU.ActiveCfg = Debug|x86
		{C2648FE9-72E4-4BB6-96EA-A54288A7E706}.Debug|Mixed Platforms.ActiveCfg = Debug|Any CPU
		{C2648FE9-72E4-4BB6-96EA-A54288A7E706}.Debug|Mixed Platforms.Build.0 = Debug|Any CPU
		{C2648FE9-72E4-4BB6-96EA-A54288A7E706}.Debug|x86.ActiveCfg = Debug|x86
		{C2648FE9-72E4-4BB6-96EA-A54288A7E706}.Debug|x86.Build.0 = Debug|x86
		{C2648FE9-72E4-4BB6-96EA-A54288A7E706}.Release|Any CPU.ActiveCfg = Release|x86
		{C2648FE9-72E4-4BB6-96EA-A54288A7E706}.Release|Mixed Platforms.ActiveCfg = Release|Any CPU
		{C2648FE9-72E4-4BB6-96EA-A54288A7E706}.Release|Mixed Platforms.Build.0 = Release|Any CPU
		{C2648FE9-72E4-4BB6-96EA-A54288A7E706}.Release|x86.ActiveCfg = Release|x86
		{C2648FE9-72E4-4BB6-96EA-A54288A7E706}.Release|x86.Build.0 = Release|x86
		{74141547-99D4-4821-B3B7-E4422C221204}.Debug|Any CPU.ActiveCfg = Debug|Any CPU
		{74141547-99D4-4821-B3B7-E4422C221204}.Debug|Any CPU.Build.0 = Debug|Any CPU
		{74141547-99D4-4821-B3B7-E4422C221204}.Debug|Mixed Platforms.ActiveCfg = Debug|Any CPU
		{74141547-99D4-4821-B3B7-E4422C221204}.Debug|Mixed Platforms.Build.0 = Debug|Any CPU
		{74141547-99D4-4821-B3B7-E4422C221204}.Debug|x86.ActiveCfg = Debug|Any CPU
		{74141547-99D4-4821-B3B7-E4422C221204}.Release|Any CPU.ActiveCfg = Release|Any CPU
		{74141547-99D4-4821-B3B7-E4422C221204}.Release|Any CPU.Build.0 = Release|Any CPU
		{74141547-99D4-4821-B3B7-E4422C221204}.Release|Mixed Platforms.ActiveCfg = Release|Any CPU
		{74141547-99D4-4821-B3B7-E4422C221204}.Release|Mixed Platforms.Build.0 = Release|Any CPU
		{74141547-99D4-4821-B3B7-E4422C221204}.Release|x86.ActiveCfg = Release|Any CPU
		{E8CF2FF2-A429-4D41-AADB-C49BC71C4F23}.Debug|Any CPU.ActiveCfg = Debug|Any CPU
		{E8CF2FF2-A429-4D41-AADB-C49BC71C4F23}.Debug|Any CPU.Build.0 = Debug|Any CPU
		{E8CF2FF2-A429-4D41-AADB-C49BC71C4F23}.Debug|Mixed Platforms.ActiveCfg = Debug|Any CPU
		{E8CF2FF2-A429-4D41-AADB-C49BC71C4F23}.Debug|Mixed Platforms.Build.0 = Debug|Any CPU
		{E8CF2FF2-A429-4D41-AADB-C49BC71C4F23}.Debug|x86.ActiveCfg = Debug|Any CPU
		{E8CF2FF2-A429-4D41-AADB-C49BC71C4F23}.Release|Any CPU.ActiveCfg = Release|Any CPU
		{E8CF2FF2-A429-4D41-AADB-C49BC71C4F23}.Release|Any CPU.Build.0 = Release|Any CPU
		{E8CF2FF2-A429-4D41-AADB-C49BC71C4F23}.Release|Mixed Platforms.ActiveCfg = Release|Any CPU
		{E8CF2FF2-A429-4D41-AADB-C49BC71C4F23}.Release|Mixed Platforms.Build.0 = Release|Any CPU
		{E8CF2FF2-A429-4D41-AADB-C49BC71C4F23}.Release|x86.ActiveCfg = Release|Any CPU
		{B634E3BC-57A8-411B-8A51-7453E3EB7138}.Debug|Any CPU.ActiveCfg = Debug|Any CPU
		{B634E3BC-57A8-411B-8A51-7453E3EB7138}.Debug|Any CPU.Build.0 = Debug|Any CPU
		{B634E3BC-57A8-411B-8A51-7453E3EB7138}.Debug|Mixed Platforms.ActiveCfg = Debug|Any CPU
		{B634E3BC-57A8-411B-8A51-7453E3EB7138}.Debug|Mixed Platforms.Build.0 = Debug|Any CPU
		{B634E3BC-57A8-411B-8A51-7453E3EB7138}.Debug|x86.ActiveCfg = Debug|Any CPU
		{B634E3BC-57A8-411B-8A51-7453E3EB7138}.Release|Any CPU.ActiveCfg = Release|Any CPU
		{B634E3BC-57A8-411B-8A51-7453E3EB7138}.Release|Any CPU.Build.0 = Release|Any CPU
		{B634E3BC-57A8-411B-8A51-7453E3EB7138}.Release|Mixed Platforms.ActiveCfg = Release|Any CPU
		{B634E3BC-57A8-411B-8A51-7453E3EB7138}.Release|Mixed Platforms.Build.0 = Release|Any CPU
		{B634E3BC-57A8-411B-8A51-7453E3EB7138}.Release|x86.ActiveCfg = Release|Any CPU
		{DA4ABD54-8398-4881-9C5E-84AFF994A681}.Debug|Any CPU.ActiveCfg = Debug|Any CPU
		{DA4ABD54-8398-4881-9C5E-84AFF994A681}.Debug|Any CPU.Build.0 = Debug|Any CPU
		{DA4ABD54-8398-4881-9C5E-84AFF994A681}.Debug|Mixed Platforms.ActiveCfg = Debug|Any CPU
		{DA4ABD54-8398-4881-9C5E-84AFF994A681}.Debug|Mixed Platforms.Build.0 = Debug|Any CPU
		{DA4ABD54-8398-4881-9C5E-84AFF994A681}.Debug|x86.ActiveCfg = Debug|Any CPU
		{DA4ABD54-8398-4881-9C5E-84AFF994A681}.Release|Any CPU.ActiveCfg = Release|Any CPU
		{DA4ABD54-8398-4881-9C5E-84AFF994A681}.Release|Any CPU.Build.0 = Release|Any CPU
		{DA4ABD54-8398-4881-9C5E-84AFF994A681}.Release|Mixed Platforms.ActiveCfg = Release|Any CPU
		{DA4ABD54-8398-4881-9C5E-84AFF994A681}.Release|Mixed Platforms.Build.0 = Release|Any CPU
		{DA4ABD54-8398-4881-9C5E-84AFF994A681}.Release|x86.ActiveCfg = Release|Any CPU
		{A2F30535-D260-47EC-BA4F-374299A4ACED}.Debug|Any CPU.ActiveCfg = Debug|x86
		{A2F30535-D260-47EC-BA4F-374299A4ACED}.Debug|Mixed Platforms.ActiveCfg = Debug|x86
		{A2F30535-D260-47EC-BA4F-374299A4ACED}.Debug|Mixed Platforms.Build.0 = Debug|x86
		{A2F30535-D260-47EC-BA4F-374299A4ACED}.Debug|x86.ActiveCfg = Debug|x86
		{A2F30535-D260-47EC-BA4F-374299A4ACED}.Debug|x86.Build.0 = Debug|x86
		{A2F30535-D260-47EC-BA4F-374299A4ACED}.Release|Any CPU.ActiveCfg = Release|x86
		{A2F30535-D260-47EC-BA4F-374299A4ACED}.Release|Mixed Platforms.ActiveCfg = Release|x86
		{A2F30535-D260-47EC-BA4F-374299A4ACED}.Release|Mixed Platforms.Build.0 = Release|x86
		{A2F30535-D260-47EC-BA4F-374299A4ACED}.Release|x86.ActiveCfg = Release|x86
		{A2F30535-D260-47EC-BA4F-374299A4ACED}.Release|x86.Build.0 = Release|x86
		{47C1D9E8-6442-4251-BF62-11889A7C9C7F}.Debug|Any CPU.ActiveCfg = Debug|Any CPU
		{47C1D9E8-6442-4251-BF62-11889A7C9C7F}.Debug|Any CPU.Build.0 = Debug|Any CPU
		{47C1D9E8-6442-4251-BF62-11889A7C9C7F}.Debug|Mixed Platforms.ActiveCfg = Debug|Any CPU
		{47C1D9E8-6442-4251-BF62-11889A7C9C7F}.Debug|Mixed Platforms.Build.0 = Debug|Any CPU
		{47C1D9E8-6442-4251-BF62-11889A7C9C7F}.Debug|x86.ActiveCfg = Debug|Any CPU
		{47C1D9E8-6442-4251-BF62-11889A7C9C7F}.Release|Any CPU.ActiveCfg = Release|Any CPU
		{47C1D9E8-6442-4251-BF62-11889A7C9C7F}.Release|Any CPU.Build.0 = Release|Any CPU
		{47C1D9E8-6442-4251-BF62-11889A7C9C7F}.Release|Mixed Platforms.ActiveCfg = Release|Any CPU
		{47C1D9E8-6442-4251-BF62-11889A7C9C7F}.Release|Mixed Platforms.Build.0 = Release|Any CPU
		{47C1D9E8-6442-4251-BF62-11889A7C9C7F}.Release|x86.ActiveCfg = Release|Any CPU
		{00B5E84B-A30C-4AD2-BA98-59C7389B29F2}.Debug|Any CPU.ActiveCfg = Debug|x86
		{00B5E84B-A30C-4AD2-BA98-59C7389B29F2}.Debug|Mixed Platforms.ActiveCfg = Debug|Any CPU
		{00B5E84B-A30C-4AD2-BA98-59C7389B29F2}.Debug|Mixed Platforms.Build.0 = Debug|Any CPU
		{00B5E84B-A30C-4AD2-BA98-59C7389B29F2}.Debug|x86.ActiveCfg = Debug|x86
		{00B5E84B-A30C-4AD2-BA98-59C7389B29F2}.Debug|x86.Build.0 = Debug|x86
		{00B5E84B-A30C-4AD2-BA98-59C7389B29F2}.Release|Any CPU.ActiveCfg = Release|x86
		{00B5E84B-A30C-4AD2-BA98-59C7389B29F2}.Release|Mixed Platforms.ActiveCfg = Release|Any CPU
		{00B5E84B-A30C-4AD2-BA98-59C7389B29F2}.Release|Mixed Platforms.Build.0 = Release|Any CPU
		{00B5E84B-A30C-4AD2-BA98-59C7389B29F2}.Release|x86.ActiveCfg = Release|x86
		{00B5E84B-A30C-4AD2-BA98-59C7389B29F2}.Release|x86.Build.0 = Release|x86
		{B9B69007-BE23-4781-9390-E1AAF5553346}.Debug|Any CPU.ActiveCfg = Debug|x86
		{B9B69007-BE23-4781-9390-E1AAF5553346}.Debug|Mixed Platforms.ActiveCfg = Debug|Any CPU
		{B9B69007-BE23-4781-9390-E1AAF5553346}.Debug|Mixed Platforms.Build.0 = Debug|Any CPU
		{B9B69007-BE23-4781-9390-E1AAF5553346}.Debug|x86.ActiveCfg = Debug|x86
		{B9B69007-BE23-4781-9390-E1AAF5553346}.Debug|x86.Build.0 = Debug|x86
		{B9B69007-BE23-4781-9390-E1AAF5553346}.Release|Any CPU.ActiveCfg = Release|x86
		{B9B69007-BE23-4781-9390-E1AAF5553346}.Release|Mixed Platforms.ActiveCfg = Release|Any CPU
		{B9B69007-BE23-4781-9390-E1AAF5553346}.Release|Mixed Platforms.Build.0 = Release|Any CPU
		{B9B69007-BE23-4781-9390-E1AAF5553346}.Release|x86.ActiveCfg = Release|x86
		{B9B69007-BE23-4781-9390-E1AAF5553346}.Release|x86.Build.0 = Release|x86
		{C599D9FF-6C0A-4586-9CB3-9E1384A35151}.Debug|Any CPU.ActiveCfg = Debug|Any CPU
		{C599D9FF-6C0A-4586-9CB3-9E1384A35151}.Debug|Any CPU.Build.0 = Debug|Any CPU
		{C599D9FF-6C0A-4586-9CB3-9E1384A35151}.Debug|Mixed Platforms.ActiveCfg = Debug|Any CPU
		{C599D9FF-6C0A-4586-9CB3-9E1384A35151}.Debug|Mixed Platforms.Build.0 = Debug|Any CPU
		{C599D9FF-6C0A-4586-9CB3-9E1384A35151}.Debug|x86.ActiveCfg = Debug|Any CPU
		{C599D9FF-6C0A-4586-9CB3-9E1384A35151}.Release|Any CPU.ActiveCfg = Release|Any CPU
		{C599D9FF-6C0A-4586-9CB3-9E1384A35151}.Release|Any CPU.Build.0 = Release|Any CPU
		{C599D9FF-6C0A-4586-9CB3-9E1384A35151}.Release|Mixed Platforms.ActiveCfg = Release|Any CPU
		{C599D9FF-6C0A-4586-9CB3-9E1384A35151}.Release|Mixed Platforms.Build.0 = Release|Any CPU
		{C599D9FF-6C0A-4586-9CB3-9E1384A35151}.Release|x86.ActiveCfg = Release|Any CPU
		{3B7443DA-42AD-4867-900F-D7117A7A4259}.Debug|Any CPU.ActiveCfg = Debug|Any CPU
		{3B7443DA-42AD-4867-900F-D7117A7A4259}.Debug|Any CPU.Build.0 = Debug|Any CPU
		{3B7443DA-42AD-4867-900F-D7117A7A4259}.Debug|Mixed Platforms.ActiveCfg = Debug|Any CPU
		{3B7443DA-42AD-4867-900F-D7117A7A4259}.Debug|Mixed Platforms.Build.0 = Debug|Any CPU
		{3B7443DA-42AD-4867-900F-D7117A7A4259}.Debug|x86.ActiveCfg = Debug|Any CPU
		{3B7443DA-42AD-4867-900F-D7117A7A4259}.Release|Any CPU.ActiveCfg = Release|Any CPU
		{3B7443DA-42AD-4867-900F-D7117A7A4259}.Release|Any CPU.Build.0 = Release|Any CPU
		{3B7443DA-42AD-4867-900F-D7117A7A4259}.Release|Mixed Platforms.ActiveCfg = Release|Any CPU
		{3B7443DA-42AD-4867-900F-D7117A7A4259}.Release|Mixed Platforms.Build.0 = Release|Any CPU
		{3B7443DA-42AD-4867-900F-D7117A7A4259}.Release|x86.ActiveCfg = Release|Any CPU
		{9D938916-7B6D-47E4-BEAB-C5F8A7A9B421}.Debug|Any CPU.ActiveCfg = Debug|Any CPU
		{9D938916-7B6D-47E4-BEAB-C5F8A7A9B421}.Debug|Any CPU.Build.0 = Debug|Any CPU
		{9D938916-7B6D-47E4-BEAB-C5F8A7A9B421}.Debug|Mixed Platforms.ActiveCfg = Debug|Any CPU
		{9D938916-7B6D-47E4-BEAB-C5F8A7A9B421}.Debug|Mixed Platforms.Build.0 = Debug|Any CPU
		{9D938916-7B6D-47E4-BEAB-C5F8A7A9B421}.Debug|x86.ActiveCfg = Debug|Any CPU
		{9D938916-7B6D-47E4-BEAB-C5F8A7A9B421}.Release|Any CPU.ActiveCfg = Release|Any CPU
		{9D938916-7B6D-47E4-BEAB-C5F8A7A9B421}.Release|Any CPU.Build.0 = Release|Any CPU
		{9D938916-7B6D-47E4-BEAB-C5F8A7A9B421}.Release|Mixed Platforms.ActiveCfg = Release|Any CPU
		{9D938916-7B6D-47E4-BEAB-C5F8A7A9B421}.Release|Mixed Platforms.Build.0 = Release|Any CPU
		{9D938916-7B6D-47E4-BEAB-C5F8A7A9B421}.Release|x86.ActiveCfg = Release|Any CPU
		{008225C9-790A-49FE-BF75-B433EFF16C61}.Debug|Any CPU.ActiveCfg = Debug|x86
		{008225C9-790A-49FE-BF75-B433EFF16C61}.Debug|Mixed Platforms.ActiveCfg = Debug|Any CPU
		{008225C9-790A-49FE-BF75-B433EFF16C61}.Debug|Mixed Platforms.Build.0 = Debug|Any CPU
		{008225C9-790A-49FE-BF75-B433EFF16C61}.Debug|x86.ActiveCfg = Debug|x86
		{008225C9-790A-49FE-BF75-B433EFF16C61}.Debug|x86.Build.0 = Debug|x86
		{008225C9-790A-49FE-BF75-B433EFF16C61}.Release|Any CPU.ActiveCfg = Release|x86
		{008225C9-790A-49FE-BF75-B433EFF16C61}.Release|Mixed Platforms.ActiveCfg = Release|Any CPU
		{008225C9-790A-49FE-BF75-B433EFF16C61}.Release|Mixed Platforms.Build.0 = Release|Any CPU
		{008225C9-790A-49FE-BF75-B433EFF16C61}.Release|x86.ActiveCfg = Release|x86
		{008225C9-790A-49FE-BF75-B433EFF16C61}.Release|x86.Build.0 = Release|x86
		{294C3755-6CBE-4848-B0BC-CFCE243DA814}.Debug|Any CPU.ActiveCfg = Debug|Any CPU
		{294C3755-6CBE-4848-B0BC-CFCE243DA814}.Debug|Any CPU.Build.0 = Debug|Any CPU
		{294C3755-6CBE-4848-B0BC-CFCE243DA814}.Debug|Mixed Platforms.ActiveCfg = Debug|Any CPU
		{294C3755-6CBE-4848-B0BC-CFCE243DA814}.Debug|Mixed Platforms.Build.0 = Debug|Any CPU
		{294C3755-6CBE-4848-B0BC-CFCE243DA814}.Debug|x86.ActiveCfg = Debug|Any CPU
		{294C3755-6CBE-4848-B0BC-CFCE243DA814}.Release|Any CPU.ActiveCfg = Release|Any CPU
		{294C3755-6CBE-4848-B0BC-CFCE243DA814}.Release|Any CPU.Build.0 = Release|Any CPU
		{294C3755-6CBE-4848-B0BC-CFCE243DA814}.Release|Mixed Platforms.ActiveCfg = Release|Any CPU
		{294C3755-6CBE-4848-B0BC-CFCE243DA814}.Release|Mixed Platforms.Build.0 = Release|Any CPU
		{294C3755-6CBE-4848-B0BC-CFCE243DA814}.Release|x86.ActiveCfg = Release|Any CPU
		{C9B5858E-97AF-45F4-AC1E-7388300126BE}.Debug|Any CPU.ActiveCfg = Debug|x86
		{C9B5858E-97AF-45F4-AC1E-7388300126BE}.Debug|Mixed Platforms.ActiveCfg = Debug|Any CPU
		{C9B5858E-97AF-45F4-AC1E-7388300126BE}.Debug|Mixed Platforms.Build.0 = Debug|Any CPU
		{C9B5858E-97AF-45F4-AC1E-7388300126BE}.Debug|x86.ActiveCfg = Debug|x86
		{C9B5858E-97AF-45F4-AC1E-7388300126BE}.Debug|x86.Build.0 = Debug|x86
		{C9B5858E-97AF-45F4-AC1E-7388300126BE}.Release|Any CPU.ActiveCfg = Release|x86
		{C9B5858E-97AF-45F4-AC1E-7388300126BE}.Release|Mixed Platforms.ActiveCfg = Release|Any CPU
		{C9B5858E-97AF-45F4-AC1E-7388300126BE}.Release|Mixed Platforms.Build.0 = Release|Any CPU
		{C9B5858E-97AF-45F4-AC1E-7388300126BE}.Release|x86.ActiveCfg = Release|x86
		{C9B5858E-97AF-45F4-AC1E-7388300126BE}.Release|x86.Build.0 = Release|x86
		{1E5313B9-225F-43E2-9AD8-99D35803D6DE}.Debug|Any CPU.ActiveCfg = Debug|x86
		{1E5313B9-225F-43E2-9AD8-99D35803D6DE}.Debug|Mixed Platforms.ActiveCfg = Debug|Any CPU
		{1E5313B9-225F-43E2-9AD8-99D35803D6DE}.Debug|Mixed Platforms.Build.0 = Debug|Any CPU
		{1E5313B9-225F-43E2-9AD8-99D35803D6DE}.Debug|x86.ActiveCfg = Debug|x86
		{1E5313B9-225F-43E2-9AD8-99D35803D6DE}.Debug|x86.Build.0 = Debug|x86
		{1E5313B9-225F-43E2-9AD8-99D35803D6DE}.Release|Any CPU.ActiveCfg = Release|x86
		{1E5313B9-225F-43E2-9AD8-99D35803D6DE}.Release|Mixed Platforms.ActiveCfg = Release|Any CPU
		{1E5313B9-225F-43E2-9AD8-99D35803D6DE}.Release|Mixed Platforms.Build.0 = Release|Any CPU
		{1E5313B9-225F-43E2-9AD8-99D35803D6DE}.Release|x86.ActiveCfg = Release|x86
		{1E5313B9-225F-43E2-9AD8-99D35803D6DE}.Release|x86.Build.0 = Release|x86
		{2C97569A-9A4E-459D-9912-27444A6443E5}.Debug|Any CPU.ActiveCfg = Debug|x86
		{2C97569A-9A4E-459D-9912-27444A6443E5}.Debug|Mixed Platforms.ActiveCfg = Debug|Any CPU
		{2C97569A-9A4E-459D-9912-27444A6443E5}.Debug|Mixed Platforms.Build.0 = Debug|Any CPU
		{2C97569A-9A4E-459D-9912-27444A6443E5}.Debug|x86.ActiveCfg = Debug|x86
		{2C97569A-9A4E-459D-9912-27444A6443E5}.Debug|x86.Build.0 = Debug|x86
		{2C97569A-9A4E-459D-9912-27444A6443E5}.Release|Any CPU.ActiveCfg = Release|x86
		{2C97569A-9A4E-459D-9912-27444A6443E5}.Release|Mixed Platforms.ActiveCfg = Release|Any CPU
		{2C97569A-9A4E-459D-9912-27444A6443E5}.Release|Mixed Platforms.Build.0 = Release|Any CPU
		{2C97569A-9A4E-459D-9912-27444A6443E5}.Release|x86.ActiveCfg = Release|x86
		{2C97569A-9A4E-459D-9912-27444A6443E5}.Release|x86.Build.0 = Release|x86
		{6A2011E9-D622-48E9-BF8E-B010DEF8CE86}.Debug|Any CPU.ActiveCfg = Debug|x86
		{6A2011E9-D622-48E9-BF8E-B010DEF8CE86}.Debug|Mixed Platforms.ActiveCfg = Debug|Any CPU
		{6A2011E9-D622-48E9-BF8E-B010DEF8CE86}.Debug|Mixed Platforms.Build.0 = Debug|Any CPU
		{6A2011E9-D622-48E9-BF8E-B010DEF8CE86}.Debug|x86.ActiveCfg = Debug|x86
		{6A2011E9-D622-48E9-BF8E-B010DEF8CE86}.Debug|x86.Build.0 = Debug|x86
		{6A2011E9-D622-48E9-BF8E-B010DEF8CE86}.Release|Any CPU.ActiveCfg = Release|x86
		{6A2011E9-D622-48E9-BF8E-B010DEF8CE86}.Release|Mixed Platforms.ActiveCfg = Release|Any CPU
		{6A2011E9-D622-48E9-BF8E-B010DEF8CE86}.Release|Mixed Platforms.Build.0 = Release|Any CPU
		{6A2011E9-D622-48E9-BF8E-B010DEF8CE86}.Release|x86.ActiveCfg = Release|x86
		{6A2011E9-D622-48E9-BF8E-B010DEF8CE86}.Release|x86.Build.0 = Release|x86
		{52DFC1BF-FED6-4373-B94B-E8BE08AE8AE0}.Debug|Any CPU.ActiveCfg = Debug|x86
		{52DFC1BF-FED6-4373-B94B-E8BE08AE8AE0}.Debug|Mixed Platforms.ActiveCfg = Debug|Any CPU
		{52DFC1BF-FED6-4373-B94B-E8BE08AE8AE0}.Debug|Mixed Platforms.Build.0 = Debug|Any CPU
		{52DFC1BF-FED6-4373-B94B-E8BE08AE8AE0}.Debug|x86.ActiveCfg = Debug|x86
		{52DFC1BF-FED6-4373-B94B-E8BE08AE8AE0}.Debug|x86.Build.0 = Debug|x86
		{52DFC1BF-FED6-4373-B94B-E8BE08AE8AE0}.Release|Any CPU.ActiveCfg = Release|x86
		{52DFC1BF-FED6-4373-B94B-E8BE08AE8AE0}.Release|Mixed Platforms.ActiveCfg = Release|Any CPU
		{52DFC1BF-FED6-4373-B94B-E8BE08AE8AE0}.Release|Mixed Platforms.Build.0 = Release|Any CPU
		{52DFC1BF-FED6-4373-B94B-E8BE08AE8AE0}.Release|x86.ActiveCfg = Release|x86
		{52DFC1BF-FED6-4373-B94B-E8BE08AE8AE0}.Release|x86.Build.0 = Release|x86
		{C47EBFC8-B734-41A7-9A6E-BC03B6EF9D5F}.Debug|Any CPU.ActiveCfg = Debug|Any CPU
		{C47EBFC8-B734-41A7-9A6E-BC03B6EF9D5F}.Debug|Any CPU.Build.0 = Debug|Any CPU
		{C47EBFC8-B734-41A7-9A6E-BC03B6EF9D5F}.Debug|Mixed Platforms.ActiveCfg = Debug|Any CPU
		{C47EBFC8-B734-41A7-9A6E-BC03B6EF9D5F}.Debug|Mixed Platforms.Build.0 = Debug|Any CPU
		{C47EBFC8-B734-41A7-9A6E-BC03B6EF9D5F}.Debug|x86.ActiveCfg = Debug|Any CPU
		{C47EBFC8-B734-41A7-9A6E-BC03B6EF9D5F}.Release|Any CPU.ActiveCfg = Release|Any CPU
		{C47EBFC8-B734-41A7-9A6E-BC03B6EF9D5F}.Release|Any CPU.Build.0 = Release|Any CPU
		{C47EBFC8-B734-41A7-9A6E-BC03B6EF9D5F}.Release|Mixed Platforms.ActiveCfg = Release|Any CPU
		{C47EBFC8-B734-41A7-9A6E-BC03B6EF9D5F}.Release|Mixed Platforms.Build.0 = Release|Any CPU
		{C47EBFC8-B734-41A7-9A6E-BC03B6EF9D5F}.Release|x86.ActiveCfg = Release|Any CPU
		{3D98863E-F37E-447B-935D-ED316D73B1A7}.Debug|Any CPU.ActiveCfg = Debug|Any CPU
		{3D98863E-F37E-447B-935D-ED316D73B1A7}.Debug|Any CPU.Build.0 = Debug|Any CPU
		{3D98863E-F37E-447B-935D-ED316D73B1A7}.Debug|Mixed Platforms.ActiveCfg = Debug|Any CPU
		{3D98863E-F37E-447B-935D-ED316D73B1A7}.Debug|Mixed Platforms.Build.0 = Debug|Any CPU
		{3D98863E-F37E-447B-935D-ED316D73B1A7}.Debug|x86.ActiveCfg = Debug|Any CPU
		{3D98863E-F37E-447B-935D-ED316D73B1A7}.Release|Any CPU.ActiveCfg = Release|Any CPU
		{3D98863E-F37E-447B-935D-ED316D73B1A7}.Release|Any CPU.Build.0 = Release|Any CPU
		{3D98863E-F37E-447B-935D-ED316D73B1A7}.Release|Mixed Platforms.ActiveCfg = Release|Any CPU
		{3D98863E-F37E-447B-935D-ED316D73B1A7}.Release|Mixed Platforms.Build.0 = Release|Any CPU
		{3D98863E-F37E-447B-935D-ED316D73B1A7}.Release|x86.ActiveCfg = Release|Any CPU
		{F4EAD097-CC4E-4369-A64A-82DDF8DC23CF}.Debug|Any CPU.ActiveCfg = Debug|x86
		{F4EAD097-CC4E-4369-A64A-82DDF8DC23CF}.Debug|Mixed Platforms.ActiveCfg = Debug|Any CPU
		{F4EAD097-CC4E-4369-A64A-82DDF8DC23CF}.Debug|Mixed Platforms.Build.0 = Debug|Any CPU
		{F4EAD097-CC4E-4369-A64A-82DDF8DC23CF}.Debug|x86.ActiveCfg = Debug|x86
		{F4EAD097-CC4E-4369-A64A-82DDF8DC23CF}.Debug|x86.Build.0 = Debug|x86
		{F4EAD097-CC4E-4369-A64A-82DDF8DC23CF}.Release|Any CPU.ActiveCfg = Release|x86
		{F4EAD097-CC4E-4369-A64A-82DDF8DC23CF}.Release|Mixed Platforms.ActiveCfg = Release|Any CPU
		{F4EAD097-CC4E-4369-A64A-82DDF8DC23CF}.Release|Mixed Platforms.Build.0 = Release|Any CPU
		{F4EAD097-CC4E-4369-A64A-82DDF8DC23CF}.Release|x86.ActiveCfg = Release|x86
		{F4EAD097-CC4E-4369-A64A-82DDF8DC23CF}.Release|x86.Build.0 = Release|x86
		{185C910C-29A7-407E-BBB7-F5EF011DED12}.Debug|Any CPU.ActiveCfg = Debug|Any CPU
		{185C910C-29A7-407E-BBB7-F5EF011DED12}.Debug|Any CPU.Build.0 = Debug|Any CPU
		{185C910C-29A7-407E-BBB7-F5EF011DED12}.Debug|Mixed Platforms.ActiveCfg = Debug|Any CPU
		{185C910C-29A7-407E-BBB7-F5EF011DED12}.Debug|Mixed Platforms.Build.0 = Debug|Any CPU
		{185C910C-29A7-407E-BBB7-F5EF011DED12}.Debug|x86.ActiveCfg = Debug|Any CPU
		{185C910C-29A7-407E-BBB7-F5EF011DED12}.Release|Any CPU.ActiveCfg = Release|Any CPU
		{185C910C-29A7-407E-BBB7-F5EF011DED12}.Release|Any CPU.Build.0 = Release|Any CPU
		{185C910C-29A7-407E-BBB7-F5EF011DED12}.Release|Mixed Platforms.ActiveCfg = Release|Any CPU
		{185C910C-29A7-407E-BBB7-F5EF011DED12}.Release|Mixed Platforms.Build.0 = Release|Any CPU
		{185C910C-29A7-407E-BBB7-F5EF011DED12}.Release|x86.ActiveCfg = Release|Any CPU
		{47E3A5A5-124D-44B2-8075-8768D45E69D3}.Debug|Any CPU.ActiveCfg = Debug|x86
		{47E3A5A5-124D-44B2-8075-8768D45E69D3}.Debug|Mixed Platforms.ActiveCfg = Debug|Any CPU
		{47E3A5A5-124D-44B2-8075-8768D45E69D3}.Debug|Mixed Platforms.Build.0 = Debug|Any CPU
		{47E3A5A5-124D-44B2-8075-8768D45E69D3}.Debug|x86.ActiveCfg = Debug|x86
		{47E3A5A5-124D-44B2-8075-8768D45E69D3}.Debug|x86.Build.0 = Debug|x86
		{47E3A5A5-124D-44B2-8075-8768D45E69D3}.Release|Any CPU.ActiveCfg = Release|x86
		{47E3A5A5-124D-44B2-8075-8768D45E69D3}.Release|Mixed Platforms.ActiveCfg = Release|Any CPU
		{47E3A5A5-124D-44B2-8075-8768D45E69D3}.Release|Mixed Platforms.Build.0 = Release|Any CPU
		{47E3A5A5-124D-44B2-8075-8768D45E69D3}.Release|x86.ActiveCfg = Release|x86
		{47E3A5A5-124D-44B2-8075-8768D45E69D3}.Release|x86.Build.0 = Release|x86
		{2BBAEDB8-35D9-4D3E-A548-07E0984E4369}.Debug|Any CPU.ActiveCfg = Debug|x86
		{2BBAEDB8-35D9-4D3E-A548-07E0984E4369}.Debug|Mixed Platforms.ActiveCfg = Debug|x86
		{2BBAEDB8-35D9-4D3E-A548-07E0984E4369}.Debug|Mixed Platforms.Build.0 = Debug|x86
		{2BBAEDB8-35D9-4D3E-A548-07E0984E4369}.Debug|x86.ActiveCfg = Debug|x86
		{2BBAEDB8-35D9-4D3E-A548-07E0984E4369}.Debug|x86.Build.0 = Debug|x86
		{2BBAEDB8-35D9-4D3E-A548-07E0984E4369}.Release|Any CPU.ActiveCfg = Release|x86
		{2BBAEDB8-35D9-4D3E-A548-07E0984E4369}.Release|Mixed Platforms.ActiveCfg = Release|x86
		{2BBAEDB8-35D9-4D3E-A548-07E0984E4369}.Release|Mixed Platforms.Build.0 = Release|x86
		{2BBAEDB8-35D9-4D3E-A548-07E0984E4369}.Release|x86.ActiveCfg = Release|x86
		{2BBAEDB8-35D9-4D3E-A548-07E0984E4369}.Release|x86.Build.0 = Release|x86
		{70CA798B-6B0A-4DB3-ADC0-BE16E627EEDF}.Debug|Any CPU.ActiveCfg = Debug|x86
		{70CA798B-6B0A-4DB3-ADC0-BE16E627EEDF}.Debug|Mixed Platforms.ActiveCfg = Debug|Any CPU
		{70CA798B-6B0A-4DB3-ADC0-BE16E627EEDF}.Debug|Mixed Platforms.Build.0 = Debug|Any CPU
		{70CA798B-6B0A-4DB3-ADC0-BE16E627EEDF}.Debug|x86.ActiveCfg = Debug|x86
		{70CA798B-6B0A-4DB3-ADC0-BE16E627EEDF}.Debug|x86.Build.0 = Debug|x86
		{70CA798B-6B0A-4DB3-ADC0-BE16E627EEDF}.Release|Any CPU.ActiveCfg = Release|x86
		{70CA798B-6B0A-4DB3-ADC0-BE16E627EEDF}.Release|Mixed Platforms.ActiveCfg = Release|Any CPU
		{70CA798B-6B0A-4DB3-ADC0-BE16E627EEDF}.Release|Mixed Platforms.Build.0 = Release|Any CPU
		{70CA798B-6B0A-4DB3-ADC0-BE16E627EEDF}.Release|x86.ActiveCfg = Release|x86
		{70CA798B-6B0A-4DB3-ADC0-BE16E627EEDF}.Release|x86.Build.0 = Release|x86
		{3AD67E39-E831-4E76-B2E7-D994E56F44A3}.Debug|Any CPU.ActiveCfg = Debug|x86
		{3AD67E39-E831-4E76-B2E7-D994E56F44A3}.Debug|Mixed Platforms.ActiveCfg = Debug|Any CPU
		{3AD67E39-E831-4E76-B2E7-D994E56F44A3}.Debug|Mixed Platforms.Build.0 = Debug|Any CPU
		{3AD67E39-E831-4E76-B2E7-D994E56F44A3}.Debug|x86.ActiveCfg = Debug|x86
		{3AD67E39-E831-4E76-B2E7-D994E56F44A3}.Debug|x86.Build.0 = Debug|x86
		{3AD67E39-E831-4E76-B2E7-D994E56F44A3}.Release|Any CPU.ActiveCfg = Release|x86
		{3AD67E39-E831-4E76-B2E7-D994E56F44A3}.Release|Mixed Platforms.ActiveCfg = Release|Any CPU
		{3AD67E39-E831-4E76-B2E7-D994E56F44A3}.Release|Mixed Platforms.Build.0 = Release|Any CPU
		{3AD67E39-E831-4E76-B2E7-D994E56F44A3}.Release|x86.ActiveCfg = Release|x86
		{3AD67E39-E831-4E76-B2E7-D994E56F44A3}.Release|x86.Build.0 = Release|x86
		{35E6077E-15DA-4387-B53C-022301E3E14D}.Debug|Any CPU.ActiveCfg = Debug|x86
		{35E6077E-15DA-4387-B53C-022301E3E14D}.Debug|Mixed Platforms.ActiveCfg = Debug|Any CPU
		{35E6077E-15DA-4387-B53C-022301E3E14D}.Debug|Mixed Platforms.Build.0 = Debug|Any CPU
		{35E6077E-15DA-4387-B53C-022301E3E14D}.Debug|x86.ActiveCfg = Debug|x86
		{35E6077E-15DA-4387-B53C-022301E3E14D}.Debug|x86.Build.0 = Debug|x86
		{35E6077E-15DA-4387-B53C-022301E3E14D}.Release|Any CPU.ActiveCfg = Release|x86
		{35E6077E-15DA-4387-B53C-022301E3E14D}.Release|Mixed Platforms.ActiveCfg = Release|Any CPU
		{35E6077E-15DA-4387-B53C-022301E3E14D}.Release|Mixed Platforms.Build.0 = Release|Any CPU
		{35E6077E-15DA-4387-B53C-022301E3E14D}.Release|x86.ActiveCfg = Release|x86
		{35E6077E-15DA-4387-B53C-022301E3E14D}.Release|x86.Build.0 = Release|x86
		{0C857FC6-62A9-4E36-96CD-198593360588}.Debug|Any CPU.ActiveCfg = Debug|x86
		{0C857FC6-62A9-4E36-96CD-198593360588}.Debug|Mixed Platforms.ActiveCfg = Debug|Any CPU
		{0C857FC6-62A9-4E36-96CD-198593360588}.Debug|Mixed Platforms.Build.0 = Debug|Any CPU
		{0C857FC6-62A9-4E36-96CD-198593360588}.Debug|x86.ActiveCfg = Debug|x86
		{0C857FC6-62A9-4E36-96CD-198593360588}.Debug|x86.Build.0 = Debug|x86
		{0C857FC6-62A9-4E36-96CD-198593360588}.Release|Any CPU.ActiveCfg = Release|x86
		{0C857FC6-62A9-4E36-96CD-198593360588}.Release|Mixed Platforms.ActiveCfg = Release|Any CPU
		{0C857FC6-62A9-4E36-96CD-198593360588}.Release|Mixed Platforms.Build.0 = Release|Any CPU
		{0C857FC6-62A9-4E36-96CD-198593360588}.Release|x86.ActiveCfg = Release|x86
		{0C857FC6-62A9-4E36-96CD-198593360588}.Release|x86.Build.0 = Release|x86
		{AE0EB769-715D-4D2C-A1D3-2691BFD93CAD}.Debug|Any CPU.ActiveCfg = Debug|x86
		{AE0EB769-715D-4D2C-A1D3-2691BFD93CAD}.Debug|Mixed Platforms.ActiveCfg = Debug|Any CPU
		{AE0EB769-715D-4D2C-A1D3-2691BFD93CAD}.Debug|Mixed Platforms.Build.0 = Debug|Any CPU
		{AE0EB769-715D-4D2C-A1D3-2691BFD93CAD}.Debug|x86.ActiveCfg = Debug|x86
		{AE0EB769-715D-4D2C-A1D3-2691BFD93CAD}.Debug|x86.Build.0 = Debug|x86
		{AE0EB769-715D-4D2C-A1D3-2691BFD93CAD}.Release|Any CPU.ActiveCfg = Release|x86
		{AE0EB769-715D-4D2C-A1D3-2691BFD93CAD}.Release|Mixed Platforms.ActiveCfg = Release|Any CPU
		{AE0EB769-715D-4D2C-A1D3-2691BFD93CAD}.Release|Mixed Platforms.Build.0 = Release|Any CPU
		{AE0EB769-715D-4D2C-A1D3-2691BFD93CAD}.Release|x86.ActiveCfg = Release|x86
		{AE0EB769-715D-4D2C-A1D3-2691BFD93CAD}.Release|x86.Build.0 = Release|x86
		{2BFB87E9-94A9-42A2-9023-FCFA831B4D14}.Debug|Any CPU.ActiveCfg = Debug|x86
		{2BFB87E9-94A9-42A2-9023-FCFA831B4D14}.Debug|Mixed Platforms.ActiveCfg = Debug|x86
		{2BFB87E9-94A9-42A2-9023-FCFA831B4D14}.Debug|Mixed Platforms.Build.0 = Debug|x86
		{2BFB87E9-94A9-42A2-9023-FCFA831B4D14}.Debug|x86.ActiveCfg = Debug|x86
		{2BFB87E9-94A9-42A2-9023-FCFA831B4D14}.Debug|x86.Build.0 = Debug|x86
		{2BFB87E9-94A9-42A2-9023-FCFA831B4D14}.Release|Any CPU.ActiveCfg = Release|x86
		{2BFB87E9-94A9-42A2-9023-FCFA831B4D14}.Release|Mixed Platforms.ActiveCfg = Release|x86
		{2BFB87E9-94A9-42A2-9023-FCFA831B4D14}.Release|Mixed Platforms.Build.0 = Release|x86
		{2BFB87E9-94A9-42A2-9023-FCFA831B4D14}.Release|x86.ActiveCfg = Release|x86
		{2BFB87E9-94A9-42A2-9023-FCFA831B4D14}.Release|x86.Build.0 = Release|x86
		{C1FEF592-B055-4889-9695-2B6673380AF0}.Debug|Any CPU.ActiveCfg = Debug|x86
		{C1FEF592-B055-4889-9695-2B6673380AF0}.Debug|Mixed Platforms.ActiveCfg = Debug|Any CPU
		{C1FEF592-B055-4889-9695-2B6673380AF0}.Debug|Mixed Platforms.Build.0 = Debug|Any CPU
		{C1FEF592-B055-4889-9695-2B6673380AF0}.Debug|x86.ActiveCfg = Debug|x86
		{C1FEF592-B055-4889-9695-2B6673380AF0}.Debug|x86.Build.0 = Debug|x86
		{C1FEF592-B055-4889-9695-2B6673380AF0}.Release|Any CPU.ActiveCfg = Release|x86
		{C1FEF592-B055-4889-9695-2B6673380AF0}.Release|Mixed Platforms.ActiveCfg = Release|Any CPU
		{C1FEF592-B055-4889-9695-2B6673380AF0}.Release|Mixed Platforms.Build.0 = Release|Any CPU
		{C1FEF592-B055-4889-9695-2B6673380AF0}.Release|x86.ActiveCfg = Release|x86
		{C1FEF592-B055-4889-9695-2B6673380AF0}.Release|x86.Build.0 = Release|x86
		{1EFEAB7B-2B3B-48D6-9D30-F4D4A35635A5}.Debug|Any CPU.ActiveCfg = Debug|x86
		{1EFEAB7B-2B3B-48D6-9D30-F4D4A35635A5}.Debug|Mixed Platforms.ActiveCfg = Debug|Any CPU
		{1EFEAB7B-2B3B-48D6-9D30-F4D4A35635A5}.Debug|Mixed Platforms.Build.0 = Debug|Any CPU
		{1EFEAB7B-2B3B-48D6-9D30-F4D4A35635A5}.Debug|x86.ActiveCfg = Debug|x86
		{1EFEAB7B-2B3B-48D6-9D30-F4D4A35635A5}.Debug|x86.Build.0 = Debug|x86
		{1EFEAB7B-2B3B-48D6-9D30-F4D4A35635A5}.Release|Any CPU.ActiveCfg = Release|x86
		{1EFEAB7B-2B3B-48D6-9D30-F4D4A35635A5}.Release|Mixed Platforms.ActiveCfg = Release|Any CPU
		{1EFEAB7B-2B3B-48D6-9D30-F4D4A35635A5}.Release|Mixed Platforms.Build.0 = Release|Any CPU
		{1EFEAB7B-2B3B-48D6-9D30-F4D4A35635A5}.Release|x86.ActiveCfg = Release|x86
		{1EFEAB7B-2B3B-48D6-9D30-F4D4A35635A5}.Release|x86.Build.0 = Release|x86
		{D085E71D-4D44-48BF-9517-6C2D55269D2F}.Debug|Any CPU.ActiveCfg = Debug|x86
		{D085E71D-4D44-48BF-9517-6C2D55269D2F}.Debug|Mixed Platforms.ActiveCfg = Debug|Any CPU
		{D085E71D-4D44-48BF-9517-6C2D55269D2F}.Debug|Mixed Platforms.Build.0 = Debug|Any CPU
		{D085E71D-4D44-48BF-9517-6C2D55269D2F}.Debug|x86.ActiveCfg = Debug|x86
		{D085E71D-4D44-48BF-9517-6C2D55269D2F}.Debug|x86.Build.0 = Debug|x86
		{D085E71D-4D44-48BF-9517-6C2D55269D2F}.Release|Any CPU.ActiveCfg = Release|x86
		{D085E71D-4D44-48BF-9517-6C2D55269D2F}.Release|Mixed Platforms.ActiveCfg = Release|Any CPU
		{D085E71D-4D44-48BF-9517-6C2D55269D2F}.Release|Mixed Platforms.Build.0 = Release|Any CPU
		{D085E71D-4D44-48BF-9517-6C2D55269D2F}.Release|x86.ActiveCfg = Release|x86
		{D085E71D-4D44-48BF-9517-6C2D55269D2F}.Release|x86.Build.0 = Release|x86
		{5D280492-DFF0-449C-9D8B-42E83EF8D8EC}.Debug|Any CPU.ActiveCfg = Debug|x86
		{5D280492-DFF0-449C-9D8B-42E83EF8D8EC}.Debug|Mixed Platforms.ActiveCfg = Debug|Any CPU
		{5D280492-DFF0-449C-9D8B-42E83EF8D8EC}.Debug|Mixed Platforms.Build.0 = Debug|Any CPU
		{5D280492-DFF0-449C-9D8B-42E83EF8D8EC}.Debug|x86.ActiveCfg = Debug|x86
		{5D280492-DFF0-449C-9D8B-42E83EF8D8EC}.Debug|x86.Build.0 = Debug|x86
		{5D280492-DFF0-449C-9D8B-42E83EF8D8EC}.Release|Any CPU.ActiveCfg = Release|x86
		{5D280492-DFF0-449C-9D8B-42E83EF8D8EC}.Release|Mixed Platforms.ActiveCfg = Release|Any CPU
		{5D280492-DFF0-449C-9D8B-42E83EF8D8EC}.Release|Mixed Platforms.Build.0 = Release|Any CPU
		{5D280492-DFF0-449C-9D8B-42E83EF8D8EC}.Release|x86.ActiveCfg = Release|x86
		{5D280492-DFF0-449C-9D8B-42E83EF8D8EC}.Release|x86.Build.0 = Release|x86
		{FAA9B3F8-CA37-4219-B8A6-92FFEFFB1DFE}.Debug|Any CPU.ActiveCfg = Debug|Any CPU
		{FAA9B3F8-CA37-4219-B8A6-92FFEFFB1DFE}.Debug|Any CPU.Build.0 = Debug|Any CPU
		{FAA9B3F8-CA37-4219-B8A6-92FFEFFB1DFE}.Debug|Mixed Platforms.ActiveCfg = Debug|Any CPU
		{FAA9B3F8-CA37-4219-B8A6-92FFEFFB1DFE}.Debug|Mixed Platforms.Build.0 = Debug|Any CPU
		{FAA9B3F8-CA37-4219-B8A6-92FFEFFB1DFE}.Debug|x86.ActiveCfg = Debug|x86
		{FAA9B3F8-CA37-4219-B8A6-92FFEFFB1DFE}.Debug|x86.Build.0 = Debug|x86
		{FAA9B3F8-CA37-4219-B8A6-92FFEFFB1DFE}.Release|Any CPU.ActiveCfg = Release|Any CPU
		{FAA9B3F8-CA37-4219-B8A6-92FFEFFB1DFE}.Release|Any CPU.Build.0 = Release|Any CPU
		{FAA9B3F8-CA37-4219-B8A6-92FFEFFB1DFE}.Release|Mixed Platforms.ActiveCfg = Release|Any CPU
		{FAA9B3F8-CA37-4219-B8A6-92FFEFFB1DFE}.Release|Mixed Platforms.Build.0 = Release|Any CPU
		{FAA9B3F8-CA37-4219-B8A6-92FFEFFB1DFE}.Release|x86.ActiveCfg = Release|x86
		{FAA9B3F8-CA37-4219-B8A6-92FFEFFB1DFE}.Release|x86.Build.0 = Release|x86
		{5CB3DD30-7955-4556-89A4-6A026893D16B}.Debug|Any CPU.ActiveCfg = Debug|x86
		{5CB3DD30-7955-4556-89A4-6A026893D16B}.Debug|Mixed Platforms.ActiveCfg = Debug|x86
		{5CB3DD30-7955-4556-89A4-6A026893D16B}.Debug|Mixed Platforms.Build.0 = Debug|x86
		{5CB3DD30-7955-4556-89A4-6A026893D16B}.Debug|x86.ActiveCfg = Debug|x86
		{5CB3DD30-7955-4556-89A4-6A026893D16B}.Debug|x86.Build.0 = Debug|x86
		{5CB3DD30-7955-4556-89A4-6A026893D16B}.Release|Any CPU.ActiveCfg = Release|x86
		{5CB3DD30-7955-4556-89A4-6A026893D16B}.Release|Mixed Platforms.ActiveCfg = Release|x86
		{5CB3DD30-7955-4556-89A4-6A026893D16B}.Release|Mixed Platforms.Build.0 = Release|x86
		{5CB3DD30-7955-4556-89A4-6A026893D16B}.Release|x86.ActiveCfg = Release|x86
		{5CB3DD30-7955-4556-89A4-6A026893D16B}.Release|x86.Build.0 = Release|x86
		{1AFB87C6-EC25-4298-9757-A15FD24F1BB4}.Debug|Any CPU.ActiveCfg = Debug|x86
		{1AFB87C6-EC25-4298-9757-A15FD24F1BB4}.Debug|Mixed Platforms.ActiveCfg = Debug|x86
		{1AFB87C6-EC25-4298-9757-A15FD24F1BB4}.Debug|Mixed Platforms.Build.0 = Debug|x86
		{1AFB87C6-EC25-4298-9757-A15FD24F1BB4}.Debug|x86.ActiveCfg = Debug|x86
		{1AFB87C6-EC25-4298-9757-A15FD24F1BB4}.Debug|x86.Build.0 = Debug|x86
		{1AFB87C6-EC25-4298-9757-A15FD24F1BB4}.Release|Any CPU.ActiveCfg = Release|x86
		{1AFB87C6-EC25-4298-9757-A15FD24F1BB4}.Release|Mixed Platforms.ActiveCfg = Release|x86
		{1AFB87C6-EC25-4298-9757-A15FD24F1BB4}.Release|Mixed Platforms.Build.0 = Release|x86
		{1AFB87C6-EC25-4298-9757-A15FD24F1BB4}.Release|x86.ActiveCfg = Release|x86
		{1AFB87C6-EC25-4298-9757-A15FD24F1BB4}.Release|x86.Build.0 = Release|x86
		{E1078217-852C-4389-B7D1-4AEEA5123975}.Debug|Any CPU.ActiveCfg = Debug|Any CPU
		{E1078217-852C-4389-B7D1-4AEEA5123975}.Debug|Any CPU.Build.0 = Debug|Any CPU
		{E1078217-852C-4389-B7D1-4AEEA5123975}.Debug|Mixed Platforms.ActiveCfg = Debug|Any CPU
		{E1078217-852C-4389-B7D1-4AEEA5123975}.Debug|Mixed Platforms.Build.0 = Debug|Any CPU
		{E1078217-852C-4389-B7D1-4AEEA5123975}.Debug|x86.ActiveCfg = Debug|x86
		{E1078217-852C-4389-B7D1-4AEEA5123975}.Debug|x86.Build.0 = Debug|x86
		{E1078217-852C-4389-B7D1-4AEEA5123975}.Release|Any CPU.ActiveCfg = Release|Any CPU
		{E1078217-852C-4389-B7D1-4AEEA5123975}.Release|Any CPU.Build.0 = Release|Any CPU
		{E1078217-852C-4389-B7D1-4AEEA5123975}.Release|Mixed Platforms.ActiveCfg = Release|Any CPU
		{E1078217-852C-4389-B7D1-4AEEA5123975}.Release|Mixed Platforms.Build.0 = Release|Any CPU
		{E1078217-852C-4389-B7D1-4AEEA5123975}.Release|x86.ActiveCfg = Release|x86
		{E1078217-852C-4389-B7D1-4AEEA5123975}.Release|x86.Build.0 = Release|x86
		{06049E0C-8C47-4854-A775-FD0B1DE23208}.Debug|Any CPU.ActiveCfg = Debug|Any CPU
		{06049E0C-8C47-4854-A775-FD0B1DE23208}.Debug|Any CPU.Build.0 = Debug|Any CPU
		{06049E0C-8C47-4854-A775-FD0B1DE23208}.Debug|Mixed Platforms.ActiveCfg = Debug|Any CPU
		{06049E0C-8C47-4854-A775-FD0B1DE23208}.Debug|Mixed Platforms.Build.0 = Debug|Any CPU
		{06049E0C-8C47-4854-A775-FD0B1DE23208}.Debug|x86.ActiveCfg = Debug|x86
		{06049E0C-8C47-4854-A775-FD0B1DE23208}.Debug|x86.Build.0 = Debug|x86
		{06049E0C-8C47-4854-A775-FD0B1DE23208}.Release|Any CPU.ActiveCfg = Release|Any CPU
		{06049E0C-8C47-4854-A775-FD0B1DE23208}.Release|Any CPU.Build.0 = Release|Any CPU
		{06049E0C-8C47-4854-A775-FD0B1DE23208}.Release|Mixed Platforms.ActiveCfg = Release|Any CPU
		{06049E0C-8C47-4854-A775-FD0B1DE23208}.Release|Mixed Platforms.Build.0 = Release|Any CPU
		{06049E0C-8C47-4854-A775-FD0B1DE23208}.Release|x86.ActiveCfg = Release|x86
		{06049E0C-8C47-4854-A775-FD0B1DE23208}.Release|x86.Build.0 = Release|x86
		{DEA4BE8E-6A63-4D9A-A14C-B69366CA5B5E}.Debug|Any CPU.ActiveCfg = Debug|Any CPU
		{DEA4BE8E-6A63-4D9A-A14C-B69366CA5B5E}.Debug|Any CPU.Build.0 = Debug|Any CPU
		{DEA4BE8E-6A63-4D9A-A14C-B69366CA5B5E}.Debug|Mixed Platforms.ActiveCfg = Debug|Any CPU
		{DEA4BE8E-6A63-4D9A-A14C-B69366CA5B5E}.Debug|Mixed Platforms.Build.0 = Debug|Any CPU
		{DEA4BE8E-6A63-4D9A-A14C-B69366CA5B5E}.Debug|x86.ActiveCfg = Debug|x86
		{DEA4BE8E-6A63-4D9A-A14C-B69366CA5B5E}.Debug|x86.Build.0 = Debug|x86
		{DEA4BE8E-6A63-4D9A-A14C-B69366CA5B5E}.Release|Any CPU.ActiveCfg = Release|Any CPU
		{DEA4BE8E-6A63-4D9A-A14C-B69366CA5B5E}.Release|Any CPU.Build.0 = Release|Any CPU
		{DEA4BE8E-6A63-4D9A-A14C-B69366CA5B5E}.Release|Mixed Platforms.ActiveCfg = Release|Any CPU
		{DEA4BE8E-6A63-4D9A-A14C-B69366CA5B5E}.Release|Mixed Platforms.Build.0 = Release|Any CPU
		{DEA4BE8E-6A63-4D9A-A14C-B69366CA5B5E}.Release|x86.ActiveCfg = Release|x86
		{DEA4BE8E-6A63-4D9A-A14C-B69366CA5B5E}.Release|x86.Build.0 = Release|x86
		{655599F5-A181-4689-8164-8964E91FB3D8}.Debug|Any CPU.ActiveCfg = Debug|Any CPU
		{655599F5-A181-4689-8164-8964E91FB3D8}.Debug|Any CPU.Build.0 = Debug|Any CPU
		{655599F5-A181-4689-8164-8964E91FB3D8}.Debug|Mixed Platforms.ActiveCfg = Debug|Any CPU
		{655599F5-A181-4689-8164-8964E91FB3D8}.Debug|Mixed Platforms.Build.0 = Debug|Any CPU
		{655599F5-A181-4689-8164-8964E91FB3D8}.Debug|x86.ActiveCfg = Debug|x86
		{655599F5-A181-4689-8164-8964E91FB3D8}.Debug|x86.Build.0 = Debug|x86
		{655599F5-A181-4689-8164-8964E91FB3D8}.Release|Any CPU.ActiveCfg = Release|Any CPU
		{655599F5-A181-4689-8164-8964E91FB3D8}.Release|Any CPU.Build.0 = Release|Any CPU
		{655599F5-A181-4689-8164-8964E91FB3D8}.Release|Mixed Platforms.ActiveCfg = Release|Any CPU
		{655599F5-A181-4689-8164-8964E91FB3D8}.Release|Mixed Platforms.Build.0 = Release|Any CPU
		{655599F5-A181-4689-8164-8964E91FB3D8}.Release|x86.ActiveCfg = Release|x86
		{655599F5-A181-4689-8164-8964E91FB3D8}.Release|x86.Build.0 = Release|x86
		{BCD2763E-22E2-4398-91FC-5FEBCC613B04}.Debug|Any CPU.ActiveCfg = Debug|Any CPU
		{BCD2763E-22E2-4398-91FC-5FEBCC613B04}.Debug|Any CPU.Build.0 = Debug|Any CPU
		{BCD2763E-22E2-4398-91FC-5FEBCC613B04}.Debug|Mixed Platforms.ActiveCfg = Debug|Any CPU
		{BCD2763E-22E2-4398-91FC-5FEBCC613B04}.Debug|Mixed Platforms.Build.0 = Debug|Any CPU
		{BCD2763E-22E2-4398-91FC-5FEBCC613B04}.Debug|x86.ActiveCfg = Debug|x86
		{BCD2763E-22E2-4398-91FC-5FEBCC613B04}.Debug|x86.Build.0 = Debug|x86
		{BCD2763E-22E2-4398-91FC-5FEBCC613B04}.Release|Any CPU.ActiveCfg = Release|Any CPU
		{BCD2763E-22E2-4398-91FC-5FEBCC613B04}.Release|Any CPU.Build.0 = Release|Any CPU
		{BCD2763E-22E2-4398-91FC-5FEBCC613B04}.Release|Mixed Platforms.ActiveCfg = Release|Any CPU
		{BCD2763E-22E2-4398-91FC-5FEBCC613B04}.Release|Mixed Platforms.Build.0 = Release|Any CPU
		{BCD2763E-22E2-4398-91FC-5FEBCC613B04}.Release|x86.ActiveCfg = Release|x86
		{BCD2763E-22E2-4398-91FC-5FEBCC613B04}.Release|x86.Build.0 = Release|x86
		{431F6EB0-3A67-4933-8D22-EEDE24B9BD04}.Debug|Any CPU.ActiveCfg = Debug|Any CPU
		{431F6EB0-3A67-4933-8D22-EEDE24B9BD04}.Debug|Any CPU.Build.0 = Debug|Any CPU
		{431F6EB0-3A67-4933-8D22-EEDE24B9BD04}.Debug|Mixed Platforms.ActiveCfg = Debug|Any CPU
		{431F6EB0-3A67-4933-8D22-EEDE24B9BD04}.Debug|Mixed Platforms.Build.0 = Debug|Any CPU
		{431F6EB0-3A67-4933-8D22-EEDE24B9BD04}.Debug|x86.ActiveCfg = Debug|x86
		{431F6EB0-3A67-4933-8D22-EEDE24B9BD04}.Debug|x86.Build.0 = Debug|x86
		{431F6EB0-3A67-4933-8D22-EEDE24B9BD04}.Release|Any CPU.ActiveCfg = Release|Any CPU
		{431F6EB0-3A67-4933-8D22-EEDE24B9BD04}.Release|Any CPU.Build.0 = Release|Any CPU
		{431F6EB0-3A67-4933-8D22-EEDE24B9BD04}.Release|Mixed Platforms.ActiveCfg = Release|Any CPU
		{431F6EB0-3A67-4933-8D22-EEDE24B9BD04}.Release|Mixed Platforms.Build.0 = Release|Any CPU
		{431F6EB0-3A67-4933-8D22-EEDE24B9BD04}.Release|x86.ActiveCfg = Release|x86
		{431F6EB0-3A67-4933-8D22-EEDE24B9BD04}.Release|x86.Build.0 = Release|x86
		{DB831165-00D5-46F2-801C-09E1CBB32A62}.Debug|Any CPU.ActiveCfg = Debug|Any CPU
		{DB831165-00D5-46F2-801C-09E1CBB32A62}.Debug|Any CPU.Build.0 = Debug|Any CPU
		{DB831165-00D5-46F2-801C-09E1CBB32A62}.Debug|Mixed Platforms.ActiveCfg = Debug|Any CPU
		{DB831165-00D5-46F2-801C-09E1CBB32A62}.Debug|Mixed Platforms.Build.0 = Debug|Any CPU
		{DB831165-00D5-46F2-801C-09E1CBB32A62}.Debug|x86.ActiveCfg = Debug|x86
		{DB831165-00D5-46F2-801C-09E1CBB32A62}.Debug|x86.Build.0 = Debug|x86
		{DB831165-00D5-46F2-801C-09E1CBB32A62}.Release|Any CPU.ActiveCfg = Release|Any CPU
		{DB831165-00D5-46F2-801C-09E1CBB32A62}.Release|Any CPU.Build.0 = Release|Any CPU
		{DB831165-00D5-46F2-801C-09E1CBB32A62}.Release|Mixed Platforms.ActiveCfg = Release|Any CPU
		{DB831165-00D5-46F2-801C-09E1CBB32A62}.Release|Mixed Platforms.Build.0 = Release|Any CPU
		{DB831165-00D5-46F2-801C-09E1CBB32A62}.Release|x86.ActiveCfg = Release|x86
		{DB831165-00D5-46F2-801C-09E1CBB32A62}.Release|x86.Build.0 = Release|x86
		{218A5393-ECE5-48F1-A641-32946808B44D}.Debug|Any CPU.ActiveCfg = Debug|Any CPU
		{218A5393-ECE5-48F1-A641-32946808B44D}.Debug|Any CPU.Build.0 = Debug|Any CPU
		{218A5393-ECE5-48F1-A641-32946808B44D}.Debug|Mixed Platforms.ActiveCfg = Debug|Any CPU
		{218A5393-ECE5-48F1-A641-32946808B44D}.Debug|Mixed Platforms.Build.0 = Debug|Any CPU
		{218A5393-ECE5-48F1-A641-32946808B44D}.Debug|x86.ActiveCfg = Debug|x86
		{218A5393-ECE5-48F1-A641-32946808B44D}.Debug|x86.Build.0 = Debug|x86
		{218A5393-ECE5-48F1-A641-32946808B44D}.Release|Any CPU.ActiveCfg = Release|Any CPU
		{218A5393-ECE5-48F1-A641-32946808B44D}.Release|Any CPU.Build.0 = Release|Any CPU
		{218A5393-ECE5-48F1-A641-32946808B44D}.Release|Mixed Platforms.ActiveCfg = Release|Any CPU
		{218A5393-ECE5-48F1-A641-32946808B44D}.Release|Mixed Platforms.Build.0 = Release|Any CPU
		{218A5393-ECE5-48F1-A641-32946808B44D}.Release|x86.ActiveCfg = Release|x86
		{218A5393-ECE5-48F1-A641-32946808B44D}.Release|x86.Build.0 = Release|x86
	EndGlobalSection
	GlobalSection(SolutionProperties) = preSolution
		HideSolutionNode = FALSE
	EndGlobalSection
EndGlobal
